
Microsoft Visual Studio Solution File, Format Version 12.00
# Visual Studio 15
VisualStudioVersion = 15.0.26124.0
MinimumVisualStudioVersion = 15.0.26124.0
Project("{9A19103F-16F7-4668-BE54-9A1E7A4F7556}") = "HttpErrorResponseApi", "src\HttpErrorResponseApi\HttpErrorResponseApi.csproj", "{7C521426-EB93-4FDC-B533-0FF4766A0001}"
EndProject
Global
	GlobalSection(SolutionConfigurationPlatforms) = preSolution
		Debug|Any CPU = Debug|Any CPU
		Release|Any CPU = Release|Any CPU
	EndGlobalSection
	GlobalSection(ProjectConfigurationPlatforms) = postSolution
		{7C521426-EB93-4FDC-B533-0FF4766A0001}.Debug|Any CPU.ActiveCfg = Debug|Any CPU
		{7C521426-EB93-4FDC-B533-0FF4766A0001}.Debug|Any CPU.Build.0 = Debug|Any CPU
		{7C521426-EB93-4FDC-B533-0FF4766A0001}.Release|Any CPU.ActiveCfg = Release|Any CPU
		{7C521426-EB93-4FDC-B533-0FF4766A0001}.Release|Any CPU.Build.0 = Release|Any CPU
	EndGlobalSection
	GlobalSection(SolutionProperties) = preSolution
		HideSolutionNode = FALSE
	EndGlobalSection
	GlobalSection(ExtensibilityGlobals) = postSolution
		SolutionGuid = {232AA589-6203-4DF2-ACA3-6FE04D5E42A0}
	EndGlobalSection
EndGlobal
